
Microsoft Visual Studio Solution File, Format Version 12.00
# Visual Studio Version 17
VisualStudioVersion = 17.0.32112.339
MinimumVisualStudioVersion = 10.0.40219.1
Project("{FAE04EC0-301F-11D3-BF4B-00C04F79EFBC}") = "TgToVkPoster", "TgToVkPoster\TgToVkPoster.csproj", "{A0827363-50E4-4A78-9E41-403B51DEEED0}"
EndProject
Global
	GlobalSection(SolutionConfigurationPlatforms) = preSolution
		Debug|Any CPU = Debug|Any CPU
		Release|Any CPU = Release|Any CPU
	EndGlobalSection
	GlobalSection(ProjectConfigurationPlatforms) = postSolution
		{A0827363-50E4-4A78-9E41-403B51DEEED0}.Debug|Any CPU.ActiveCfg = Debug|Any CPU
		{A0827363-50E4-4A78-9E41-403B51DEEED0}.Debug|Any CPU.Build.0 = Debug|Any CPU
		{A0827363-50E4-4A78-9E41-403B51DEEED0}.Release|Any CPU.ActiveCfg = Release|Any CPU
		{A0827363-50E4-4A78-9E41-403B51DEEED0}.Release|Any CPU.Build.0 = Release|Any CPU
	EndGlobalSection
	GlobalSection(SolutionProperties) = preSolution
		HideSolutionNode = FALSE
	EndGlobalSection
	GlobalSection(ExtensibilityGlobals) = postSolution
		SolutionGuid = {97746D8E-672F-49AC-A258-9F1A322E1A37}
	EndGlobalSection
EndGlobal
